
Microsoft Visual Studio Solution File, Format Version 12.00
# Visual Studio Version 17
VisualStudioVersion = 17.5.33627.172
MinimumVisualStudioVersion = 10.0.40219.1
Project("{9A19103F-16F7-4668-BE54-9A1E7A4F7556}") = "WebAPI", "WebAPI\WebAPI.csproj", "{FB806557-57A3-4FDE-8EC3-4B09AEF544B1}"
EndProject
Project("{9A19103F-16F7-4668-BE54-9A1E7A4F7556}") = "Business", "Business\Business.csproj", "{7831817F-A4BB-413F-B5C0-5D8442874D3D}"
EndProject
Project("{9A19103F-16F7-4668-BE54-9A1E7A4F7556}") = "Entity", "Entity\Entity.csproj", "{12CF2E94-03ED-4963-ADA8-DDDBD1245B77}"
EndProject
Project("{9A19103F-16F7-4668-BE54-9A1E7A4F7556}") = "DataAccess", "DataAccess\DataAccess.csproj", "{B7FA7CA0-4854-4AEC-85B4-351BA6125E5F}"
EndProject
Project("{9A19103F-16F7-4668-BE54-9A1E7A4F7556}") = "Core", "Core\Core.csproj", "{156F6177-479A-4ED7-A7B8-BE824137182F}"
EndProject
Global
	GlobalSection(SolutionConfigurationPlatforms) = preSolution
		Debug|Any CPU = Debug|Any CPU
		Release|Any CPU = Release|Any CPU
	EndGlobalSection
	GlobalSection(ProjectConfigurationPlatforms) = postSolution
		{FB806557-57A3-4FDE-8EC3-4B09AEF544B1}.Debug|Any CPU.ActiveCfg = Debug|Any CPU
		{FB806557-57A3-4FDE-8EC3-4B09AEF544B1}.Debug|Any CPU.Build.0 = Debug|Any CPU
		{FB806557-57A3-4FDE-8EC3-4B09AEF544B1}.Release|Any CPU.ActiveCfg = Release|Any CPU
		{FB806557-57A3-4FDE-8EC3-4B09AEF544B1}.Release|Any CPU.Build.0 = Release|Any CPU
		{7831817F-A4BB-413F-B5C0-5D8442874D3D}.Debug|Any CPU.ActiveCfg = Debug|Any CPU
		{7831817F-A4BB-413F-B5C0-5D8442874D3D}.Debug|Any CPU.Build.0 = Debug|Any CPU
		{7831817F-A4BB-413F-B5C0-5D8442874D3D}.Release|Any CPU.ActiveCfg = Release|Any CPU
		{7831817F-A4BB-413F-B5C0-5D8442874D3D}.Release|Any CPU.Build.0 = Release|Any CPU
		{12CF2E94-03ED-4963-ADA8-DDDBD1245B77}.Debug|Any CPU.ActiveCfg = Debug|Any CPU
		{12CF2E94-03ED-4963-ADA8-DDDBD1245B77}.Debug|Any CPU.Build.0 = Debug|Any CPU
		{12CF2E94-03ED-4963-ADA8-DDDBD1245B77}.Release|Any CPU.ActiveCfg = Release|Any CPU
		{12CF2E94-03ED-4963-ADA8-DDDBD1245B77}.Release|Any CPU.Build.0 = Release|Any CPU
		{B7FA7CA0-4854-4AEC-85B4-351BA6125E5F}.Debug|Any CPU.ActiveCfg = Debug|Any CPU
		{B7FA7CA0-4854-4AEC-85B4-351BA6125E5F}.Debug|Any CPU.Build.0 = Debug|Any CPU
		{B7FA7CA0-4854-4AEC-85B4-351BA6125E5F}.Release|Any CPU.ActiveCfg = Release|Any CPU
		{B7FA7CA0-4854-4AEC-85B4-351BA6125E5F}.Release|Any CPU.Build.0 = Release|Any CPU
		{156F6177-479A-4ED7-A7B8-BE824137182F}.Debug|Any CPU.ActiveCfg = Debug|Any CPU
		{156F6177-479A-4ED7-A7B8-BE824137182F}.Debug|Any CPU.Build.0 = Debug|Any CPU
		{156F6177-479A-4ED7-A7B8-BE824137182F}.Release|Any CPU.ActiveCfg = Release|Any CPU
		{156F6177-479A-4ED7-A7B8-BE824137182F}.Release|Any CPU.Build.0 = Release|Any CPU
	EndGlobalSection
	GlobalSection(SolutionProperties) = preSolution
		HideSolutionNode = FALSE
	EndGlobalSection
	GlobalSection(ExtensibilityGlobals) = postSolution
		SolutionGuid = {98ED3AFC-CE05-4C1B-ABAC-2DEA8A92287D}
	EndGlobalSection
EndGlobal
